
Microsoft Visual Studio Solution File, Format Version 12.00
# Visual Studio Version 16
VisualStudioVersion = 16.0.31220.234
MinimumVisualStudioVersion = 10.0.40219.1
Project("{9A19103F-16F7-4668-BE54-9A1E7A4F7556}") = "MvcFront", "MvcFront\MvcFront.csproj", "{37DD1B67-FAEC-4BAF-BC9D-0F2804A0A630}"
EndProject
Global
	GlobalSection(SolutionConfigurationPlatforms) = preSolution
		Debug|Any CPU = Debug|Any CPU
		Release|Any CPU = Release|Any CPU
	EndGlobalSection
	GlobalSection(ProjectConfigurationPlatforms) = postSolution
		{37DD1B67-FAEC-4BAF-BC9D-0F2804A0A630}.Debug|Any CPU.ActiveCfg = Debug|Any CPU
		{37DD1B67-FAEC-4BAF-BC9D-0F2804A0A630}.Debug|Any CPU.Build.0 = Debug|Any CPU
		{37DD1B67-FAEC-4BAF-BC9D-0F2804A0A630}.Release|Any CPU.ActiveCfg = Release|Any CPU
		{37DD1B67-FAEC-4BAF-BC9D-0F2804A0A630}.Release|Any CPU.Build.0 = Release|Any CPU
	EndGlobalSection
	GlobalSection(SolutionProperties) = preSolution
		HideSolutionNode = FALSE
	EndGlobalSection
	GlobalSection(ExtensibilityGlobals) = postSolution
		SolutionGuid = {3F97DB5B-28CD-46BA-885D-56A9CFB46AE1}
	EndGlobalSection
EndGlobal
